
Microsoft Visual Studio Solution File, Format Version 12.00
# Visual Studio Version 16
VisualStudioVersion = 16.0.28803.352
MinimumVisualStudioVersion = 10.0.40219.1
Project("{9A19103F-16F7-4668-BE54-9A1E7A4F7556}") = "Benchmarks", "Benchmarks\Benchmarks.csproj", "{9E1F9072-AD72-4227-BD6C-A3828A71CBDB}"
EndProject
Project("{9A19103F-16F7-4668-BE54-9A1E7A4F7556}") = "MatrixMultiplication.Vector", "MatrixMultiplication.Vector\MatrixMultiplication.Vector.csproj", "{D4DBCC16-DEB8-48DE-9F4E-F3AC9AC1D6F7}"
EndProject
Project("{9A19103F-16F7-4668-BE54-9A1E7A4F7556}") = "MatrixMultiplication.NormalSharp", "MatrixMultiplication.NormalSharp\MatrixMultiplication.NormalSharp.csproj", "{CA543075-CE3A-4B32-A5F4-BF40C40F752C}"
EndProject
Project("{8BC9CEB8-8B4A-11D0-8D11-00A0C91BC942}") = "MatrixMultiplication.Normal", "MatrixMultiplication.Normal\MatrixMultiplication.Normal.vcxproj", "{EAE86D13-1BA8-4D6E-808C-76D5AC28B2D9}"
EndProject
Project("{8BC9CEB8-8B4A-11D0-8D11-00A0C91BC942}") = "MatrixMultiplication.SIMD", "MatrixMultiplication.SIMD\MatrixMultiplication.SIMD.vcxproj", "{2043D22C-46B7-419D-AABD-E1BC5551AEF2}"
EndProject
Project("{9A19103F-16F7-4668-BE54-9A1E7A4F7556}") = "MatrixMultiplication.NormalWrapper", "MatrixMultiplication.NormalWrapper\MatrixMultiplication.NormalWrapper.csproj", "{680D47FD-CF97-4CE4-925D-26A5E7271B04}"
EndProject
Project("{9A19103F-16F7-4668-BE54-9A1E7A4F7556}") = "MatrixMultiplication.SIMDWrapper", "MatrixMultiplication.SIMDWrapper\MatrixMultiplication.SIMDWrapper.csproj", "{860B3622-4F28-4EE9-A1A4-74E191DAAED1}"
EndProject
Project("{9A19103F-16F7-4668-BE54-9A1E7A4F7556}") = "Model", "Model\Model.csproj", "{F07754B6-DE1F-41E3-9E57-C2D8F8D6F43D}"
EndProject
Project("{8BC9CEB8-8B4A-11D0-8D11-00A0C91BC942}") = "MatrixMultiplication.CUDA", "MatrixMultiplication.CUDA\MatrixMultiplication.CUDA.vcxproj", "{EC781494-5737-40A0-A9DE-DC711FBBC7B5}"
EndProject
Project("{FAE04EC0-301F-11D3-BF4B-00C04F79EFBC}") = "MatrixMultiplication.CUDA.Wrapper", "MatrixMultiplication.CUDA.Wrapper\MatrixMultiplication.CUDA.Wrapper.csproj", "{79A84A59-EFFD-4949-BDF4-4635E10BE7D8}"
EndProject
Global
	GlobalSection(SolutionConfigurationPlatforms) = preSolution
		Debug|Any CPU = Debug|Any CPU
		Debug|x64 = Debug|x64
		Debug|x86 = Debug|x86
		Release|Any CPU = Release|Any CPU
		Release|x64 = Release|x64
		Release|x86 = Release|x86
	EndGlobalSection
	GlobalSection(ProjectConfigurationPlatforms) = postSolution
		{9E1F9072-AD72-4227-BD6C-A3828A71CBDB}.Debug|Any CPU.ActiveCfg = Debug|Any CPU
		{9E1F9072-AD72-4227-BD6C-A3828A71CBDB}.Debug|Any CPU.Build.0 = Debug|Any CPU
		{9E1F9072-AD72-4227-BD6C-A3828A71CBDB}.Debug|x64.ActiveCfg = Debug|Any CPU
		{9E1F9072-AD72-4227-BD6C-A3828A71CBDB}.Debug|x64.Build.0 = Debug|Any CPU
		{9E1F9072-AD72-4227-BD6C-A3828A71CBDB}.Debug|x86.ActiveCfg = Debug|Any CPU
		{9E1F9072-AD72-4227-BD6C-A3828A71CBDB}.Debug|x86.Build.0 = Debug|Any CPU
		{9E1F9072-AD72-4227-BD6C-A3828A71CBDB}.Release|Any CPU.ActiveCfg = Release|Any CPU
		{9E1F9072-AD72-4227-BD6C-A3828A71CBDB}.Release|Any CPU.Build.0 = Release|Any CPU
		{9E1F9072-AD72-4227-BD6C-A3828A71CBDB}.Release|x64.ActiveCfg = Release|Any CPU
		{9E1F9072-AD72-4227-BD6C-A3828A71CBDB}.Release|x64.Build.0 = Release|Any CPU
		{9E1F9072-AD72-4227-BD6C-A3828A71CBDB}.Release|x86.ActiveCfg = Release|Any CPU
		{9E1F9072-AD72-4227-BD6C-A3828A71CBDB}.Release|x86.Build.0 = Release|Any CPU
		{D4DBCC16-DEB8-48DE-9F4E-F3AC9AC1D6F7}.Debug|Any CPU.ActiveCfg = Debug|Any CPU
		{D4DBCC16-DEB8-48DE-9F4E-F3AC9AC1D6F7}.Debug|Any CPU.Build.0 = Debug|Any CPU
		{D4DBCC16-DEB8-48DE-9F4E-F3AC9AC1D6F7}.Debug|x64.ActiveCfg = Debug|Any CPU
		{D4DBCC16-DEB8-48DE-9F4E-F3AC9AC1D6F7}.Debug|x64.Build.0 = Debug|Any CPU
		{D4DBCC16-DEB8-48DE-9F4E-F3AC9AC1D6F7}.Debug|x86.ActiveCfg = Debug|Any CPU
		{D4DBCC16-DEB8-48DE-9F4E-F3AC9AC1D6F7}.Debug|x86.Build.0 = Debug|Any CPU
		{D4DBCC16-DEB8-48DE-9F4E-F3AC9AC1D6F7}.Release|Any CPU.ActiveCfg = Release|Any CPU
		{D4DBCC16-DEB8-48DE-9F4E-F3AC9AC1D6F7}.Release|Any CPU.Build.0 = Release|Any CPU
		{D4DBCC16-DEB8-48DE-9F4E-F3AC9AC1D6F7}.Release|x64.ActiveCfg = Release|Any CPU
		{D4DBCC16-DEB8-48DE-9F4E-F3AC9AC1D6F7}.Release|x64.Build.0 = Release|Any CPU
		{D4DBCC16-DEB8-48DE-9F4E-F3AC9AC1D6F7}.Release|x86.ActiveCfg = Release|Any CPU
		{D4DBCC16-DEB8-48DE-9F4E-F3AC9AC1D6F7}.Release|x86.Build.0 = Release|Any CPU
		{CA543075-CE3A-4B32-A5F4-BF40C40F752C}.Debug|Any CPU.ActiveCfg = Debug|Any CPU
		{CA543075-CE3A-4B32-A5F4-BF40C40F752C}.Debug|Any CPU.Build.0 = Debug|Any CPU
		{CA543075-CE3A-4B32-A5F4-BF40C40F752C}.Debug|x64.ActiveCfg = Debug|Any CPU
		{CA543075-CE3A-4B32-A5F4-BF40C40F752C}.Debug|x64.Build.0 = Debug|Any CPU
		{CA543075-CE3A-4B32-A5F4-BF40C40F752C}.Debug|x86.ActiveCfg = Debug|Any CPU
		{CA543075-CE3A-4B32-A5F4-BF40C40F752C}.Debug|x86.Build.0 = Debug|Any CPU
		{CA543075-CE3A-4B32-A5F4-BF40C40F752C}.Release|Any CPU.ActiveCfg = Release|Any CPU
		{CA543075-CE3A-4B32-A5F4-BF40C40F752C}.Release|Any CPU.Build.0 = Release|Any CPU
		{CA543075-CE3A-4B32-A5F4-BF40C40F752C}.Release|x64.ActiveCfg = Release|Any CPU
		{CA543075-CE3A-4B32-A5F4-BF40C40F752C}.Release|x64.Build.0 = Release|Any CPU
		{CA543075-CE3A-4B32-A5F4-BF40C40F752C}.Release|x86.ActiveCfg = Release|Any CPU
		{CA543075-CE3A-4B32-A5F4-BF40C40F752C}.Release|x86.Build.0 = Release|Any CPU
		{EAE86D13-1BA8-4D6E-808C-76D5AC28B2D9}.Debug|Any CPU.ActiveCfg = Debug|Win32
		{EAE86D13-1BA8-4D6E-808C-76D5AC28B2D9}.Debug|x64.ActiveCfg = Debug|x64
		{EAE86D13-1BA8-4D6E-808C-76D5AC28B2D9}.Debug|x64.Build.0 = Debug|x64
		{EAE86D13-1BA8-4D6E-808C-76D5AC28B2D9}.Debug|x86.ActiveCfg = Debug|Win32
		{EAE86D13-1BA8-4D6E-808C-76D5AC28B2D9}.Debug|x86.Build.0 = Debug|Win32
		{EAE86D13-1BA8-4D6E-808C-76D5AC28B2D9}.Release|Any CPU.ActiveCfg = Release|Win32
		{EAE86D13-1BA8-4D6E-808C-76D5AC28B2D9}.Release|x64.ActiveCfg = Release|x64
		{EAE86D13-1BA8-4D6E-808C-76D5AC28B2D9}.Release|x64.Build.0 = Release|x64
		{EAE86D13-1BA8-4D6E-808C-76D5AC28B2D9}.Release|x86.ActiveCfg = Release|Win32
		{EAE86D13-1BA8-4D6E-808C-76D5AC28B2D9}.Release|x86.Build.0 = Release|Win32
		{2043D22C-46B7-419D-AABD-E1BC5551AEF2}.Debug|Any CPU.ActiveCfg = Debug|Win32
		{2043D22C-46B7-419D-AABD-E1BC5551AEF2}.Debug|x64.ActiveCfg = Debug|x64
		{2043D22C-46B7-419D-AABD-E1BC5551AEF2}.Debug|x64.Build.0 = Debug|x64
		{2043D22C-46B7-419D-AABD-E1BC5551AEF2}.Debug|x86.ActiveCfg = Debug|Win32
		{2043D22C-46B7-419D-AABD-E1BC5551AEF2}.Debug|x86.Build.0 = Debug|Win32
		{2043D22C-46B7-419D-AABD-E1BC5551AEF2}.Release|Any CPU.ActiveCfg = Release|Win32
		{2043D22C-46B7-419D-AABD-E1BC5551AEF2}.Release|x64.ActiveCfg = Release|x64
		{2043D22C-46B7-419D-AABD-E1BC5551AEF2}.Release|x64.Build.0 = Release|x64
		{2043D22C-46B7-419D-AABD-E1BC5551AEF2}.Release|x86.ActiveCfg = Release|Win32
		{2043D22C-46B7-419D-AABD-E1BC5551AEF2}.Release|x86.Build.0 = Release|Win32
		{680D47FD-CF97-4CE4-925D-26A5E7271B04}.Debug|Any CPU.ActiveCfg = Debug|Any CPU
		{680D47FD-CF97-4CE4-925D-26A5E7271B04}.Debug|Any CPU.Build.0 = Debug|Any CPU
		{680D47FD-CF97-4CE4-925D-26A5E7271B04}.Debug|x64.ActiveCfg = Debug|Any CPU
		{680D47FD-CF97-4CE4-925D-26A5E7271B04}.Debug|x64.Build.0 = Debug|Any CPU
		{680D47FD-CF97-4CE4-925D-26A5E7271B04}.Debug|x86.ActiveCfg = Debug|Any CPU
		{680D47FD-CF97-4CE4-925D-26A5E7271B04}.Debug|x86.Build.0 = Debug|Any CPU
		{680D47FD-CF97-4CE4-925D-26A5E7271B04}.Release|Any CPU.ActiveCfg = Release|Any CPU
		{680D47FD-CF97-4CE4-925D-26A5E7271B04}.Release|Any CPU.Build.0 = Release|Any CPU
		{680D47FD-CF97-4CE4-925D-26A5E7271B04}.Release|x64.ActiveCfg = Release|Any CPU
		{680D47FD-CF97-4CE4-925D-26A5E7271B04}.Release|x64.Build.0 = Release|Any CPU
		{680D47FD-CF97-4CE4-925D-26A5E7271B04}.Release|x86.ActiveCfg = Release|Any CPU
		{680D47FD-CF97-4CE4-925D-26A5E7271B04}.Release|x86.Build.0 = Release|Any CPU
		{860B3622-4F28-4EE9-A1A4-74E191DAAED1}.Debug|Any CPU.ActiveCfg = Debug|Any CPU
		{860B3622-4F28-4EE9-A1A4-74E191DAAED1}.Debug|Any CPU.Build.0 = Debug|Any CPU
		{860B3622-4F28-4EE9-A1A4-74E191DAAED1}.Debug|x64.ActiveCfg = Debug|Any CPU
		{860B3622-4F28-4EE9-A1A4-74E191DAAED1}.Debug|x64.Build.0 = Debug|Any CPU
		{860B3622-4F28-4EE9-A1A4-74E191DAAED1}.Debug|x86.ActiveCfg = Debug|Any CPU
		{860B3622-4F28-4EE9-A1A4-74E191DAAED1}.Debug|x86.Build.0 = Debug|Any CPU
		{860B3622-4F28-4EE9-A1A4-74E191DAAED1}.Release|Any CPU.ActiveCfg = Release|Any CPU
		{860B3622-4F28-4EE9-A1A4-74E191DAAED1}.Release|Any CPU.Build.0 = Release|Any CPU
		{860B3622-4F28-4EE9-A1A4-74E191DAAED1}.Release|x64.ActiveCfg = Release|Any CPU
		{860B3622-4F28-4EE9-A1A4-74E191DAAED1}.Release|x64.Build.0 = Release|Any CPU
		{860B3622-4F28-4EE9-A1A4-74E191DAAED1}.Release|x86.ActiveCfg = Release|Any CPU
		{860B3622-4F28-4EE9-A1A4-74E191DAAED1}.Release|x86.Build.0 = Release|Any CPU
		{F07754B6-DE1F-41E3-9E57-C2D8F8D6F43D}.Debug|Any CPU.ActiveCfg = Debug|Any CPU
		{F07754B6-DE1F-41E3-9E57-C2D8F8D6F43D}.Debug|Any CPU.Build.0 = Debug|Any CPU
		{F07754B6-DE1F-41E3-9E57-C2D8F8D6F43D}.Debug|x64.ActiveCfg = Debug|Any CPU
		{F07754B6-DE1F-41E3-9E57-C2D8F8D6F43D}.Debug|x64.Build.0 = Debug|Any CPU
		{F07754B6-DE1F-41E3-9E57-C2D8F8D6F43D}.Debug|x86.ActiveCfg = Debug|Any CPU
		{F07754B6-DE1F-41E3-9E57-C2D8F8D6F43D}.Debug|x86.Build.0 = Debug|Any CPU
		{F07754B6-DE1F-41E3-9E57-C2D8F8D6F43D}.Release|Any CPU.ActiveCfg = Release|Any CPU
		{F07754B6-DE1F-41E3-9E57-C2D8F8D6F43D}.Release|Any CPU.Build.0 = Release|Any CPU
		{F07754B6-DE1F-41E3-9E57-C2D8F8D6F43D}.Release|x64.ActiveCfg = Release|Any CPU
		{F07754B6-DE1F-41E3-9E57-C2D8F8D6F43D}.Release|x64.Build.0 = Release|Any CPU
		{F07754B6-DE1F-41E3-9E57-C2D8F8D6F43D}.Release|x86.ActiveCfg = Release|Any CPU
		{F07754B6-DE1F-41E3-9E57-C2D8F8D6F43D}.Release|x86.Build.0 = Release|Any CPU
		{EC781494-5737-40A0-A9DE-DC711FBBC7B5}.Debug|Any CPU.ActiveCfg = Debug|x64
		{EC781494-5737-40A0-A9DE-DC711FBBC7B5}.Debug|x64.ActiveCfg = Debug|x64
		{EC781494-5737-40A0-A9DE-DC711FBBC7B5}.Debug|x64.Build.0 = Debug|x64
		{EC781494-5737-40A0-A9DE-DC711FBBC7B5}.Debug|x86.ActiveCfg = Debug|x64
		{EC781494-5737-40A0-A9DE-DC711FBBC7B5}.Release|Any CPU.ActiveCfg = Release|x64
		{EC781494-5737-40A0-A9DE-DC711FBBC7B5}.Release|x64.ActiveCfg = Release|x64
		{EC781494-5737-40A0-A9DE-DC711FBBC7B5}.Release|x64.Build.0 = Release|x64
		{EC781494-5737-40A0-A9DE-DC711FBBC7B5}.Release|x86.ActiveCfg = Release|x64
		{79A84A59-EFFD-4949-BDF4-4635E10BE7D8}.Debug|Any CPU.ActiveCfg = Debug|Any CPU
		{79A84A59-EFFD-4949-BDF4-4635E10BE7D8}.Debug|Any CPU.Build.0 = Debug|Any CPU
		{79A84A59-EFFD-4949-BDF4-4635E10BE7D8}.Debug|x64.ActiveCfg = Debug|Any CPU
		{79A84A59-EFFD-4949-BDF4-4635E10BE7D8}.Debug|x64.Build.0 = Debug|Any CPU
		{79A84A59-EFFD-4949-BDF4-4635E10BE7D8}.Debug|x86.ActiveCfg = Debug|Any CPU
		{79A84A59-EFFD-4949-BDF4-4635E10BE7D8}.Debug|x86.Build.0 = Debug|Any CPU
		{79A84A59-EFFD-4949-BDF4-4635E10BE7D8}.Release|Any CPU.ActiveCfg = Release|Any CPU
		{79A84A59-EFFD-4949-BDF4-4635E10BE7D8}.Release|Any CPU.Build.0 = Release|Any CPU
		{79A84A59-EFFD-4949-BDF4-4635E10BE7D8}.Release|x64.ActiveCfg = Release|Any CPU
		{79A84A59-EFFD-4949-BDF4-4635E10BE7D8}.Release|x64.Build.0 = Release|Any CPU
		{79A84A59-EFFD-4949-BDF4-4635E10BE7D8}.Release|x86.ActiveCfg = Release|Any CPU
		{79A84A59-EFFD-4949-BDF4-4635E10BE7D8}.Release|x86.Build.0 = Release|Any CPU
	EndGlobalSection
	GlobalSection(SolutionProperties) = preSolution
		HideSolutionNode = FALSE
	EndGlobalSection
	GlobalSection(ExtensibilityGlobals) = postSolution
		SolutionGuid = {FF5F8136-2DFE-43F9-85A8-B409686C14B1}
	EndGlobalSection
EndGlobal
